// !$*UTF8*$!
{
	archiveVersion = 1;
	classes = {
	};
	objectVersion = 50;
	objects = {

/* Begin PBXBuildFile section */
		84011FCE23E92E10009D3F81 /* AppDelegate.swift in Sources */ = {isa = PBXBuildFile; fileRef = 84011FCD23E92E10009D3F81 /* AppDelegate.swift */; };
		84011FD023E92E10009D3F81 /* ViewController.swift in Sources */ = {isa = PBXBuildFile; fileRef = 84011FCF23E92E10009D3F81 /* ViewController.swift */; };
		84011FD323E92E10009D3F81 /* Main.storyboard in Resources */ = {isa = PBXBuildFile; fileRef = 84011FD123E92E10009D3F81 /* Main.storyboard */; };
		84011FD523E92E14009D3F81 /* Assets.xcassets in Resources */ = {isa = PBXBuildFile; fileRef = 84011FD423E92E14009D3F81 /* Assets.xcassets */; };
		84011FD823E92E14009D3F81 /* LaunchScreen.storyboard in Resources */ = {isa = PBXBuildFile; fileRef = 84011FD623E92E14009D3F81 /* LaunchScreen.storyboard */; };
		84707E9723EA80320097AC10 /* HomeViewController.swift in Sources */ = {isa = PBXBuildFile; fileRef = 84707E9523EA80320097AC10 /* HomeViewController.swift */; };
		84707E9823EA80320097AC10 /* HomeViewController.xib in Resources */ = {isa = PBXBuildFile; fileRef = 84707E9623EA80320097AC10 /* HomeViewController.xib */; };
/* End PBXBuildFile section */

/* Begin PBXFileReference section */
		84011FCA23E92E10009D3F81 /* Sonar-Test.app */ = {isa = PBXFileReference; explicitFileType = wrapper.application; includeInIndex = 0; path = "Sonar-Test.app"; sourceTree = BUILT_PRODUCTS_DIR; };
		84011FCD23E92E10009D3F81 /* AppDelegate.swift */ = {isa = PBXFileReference; lastKnownFileType = sourcecode.swift; path = AppDelegate.swift; sourceTree = "<group>"; };
		84011FCF23E92E10009D3F81 /* ViewController.swift */ = {isa = PBXFileReference; lastKnownFileType = sourcecode.swift; path = ViewController.swift; sourceTree = "<group>"; };
		84011FD223E92E10009D3F81 /* Base */ = {isa = PBXFileReference; lastKnownFileType = file.storyboard; name = Base; path = Base.lproj/Main.storyboard; sourceTree = "<group>"; };
		84011FD423E92E14009D3F81 /* Assets.xcassets */ = {isa = PBXFileReference; lastKnownFileType = folder.assetcatalog; path = Assets.xcassets; sourceTree = "<group>"; };
		84011FD723E92E14009D3F81 /* Base */ = {isa = PBXFileReference; lastKnownFileType = file.storyboard; name = Base; path = Base.lproj/LaunchScreen.storyboard; sourceTree = "<group>"; };
		84011FD923E92E14009D3F81 /* Info.plist */ = {isa = PBXFileReference; lastKnownFileType = text.plist.xml; path = Info.plist; sourceTree = "<group>"; };
		84707E9523EA80320097AC10 /* HomeViewController.swift */ = {isa = PBXFileReference; lastKnownFileType = sourcecode.swift; path = HomeViewController.swift; sourceTree = "<group>"; };
		84707E9623EA80320097AC10 /* HomeViewController.xib */ = {isa = PBXFileReference; lastKnownFileType = file.xib; path = HomeViewController.xib; sourceTree = "<group>"; };
/* End PBXFileReference section */

/* Begin PBXFrameworksBuildPhase section */
		84011FC723E92E10009D3F81 /* Frameworks */ = {
			isa = PBXFrameworksBuildPhase;
			buildActionMask = 2147483647;
			files = (
			);
			runOnlyForDeploymentPostprocessing = 0;
		};
/* End PBXFrameworksBuildPhase section */

/* Begin PBXGroup section */
		84011FC123E92E10009D3F81 = {
			isa = PBXGroup;
			children = (
				84011FCC23E92E10009D3F81 /* Sonar-Test */,
				84011FCB23E92E10009D3F81 /* Products */,
			);
			sourceTree = "<group>";
		};
		84011FCB23E92E10009D3F81 /* Products */ = {
			isa = PBXGroup;
			children = (
				84011FCA23E92E10009D3F81 /* Sonar-Test.app */,
			);
			name = Products;
			sourceTree = "<group>";
		};
		84011FCC23E92E10009D3F81 /* Sonar-Test */ = {
			isa = PBXGroup;
			children = (
				84707E9323EA80140097AC10 /* ViewControllers */,
				84011FCD23E92E10009D3F81 /* AppDelegate.swift */,
				84011FCF23E92E10009D3F81 /* ViewController.swift */,
				84011FD123E92E10009D3F81 /* Main.storyboard */,
				84011FD423E92E14009D3F81 /* Assets.xcassets */,
				84011FD623E92E14009D3F81 /* LaunchScreen.storyboard */,
				84011FD923E92E14009D3F81 /* Info.plist */,
			);
			path = "Sonar-Test";
			sourceTree = "<group>";
		};
		84707E9323EA80140097AC10 /* ViewControllers */ = {
			isa = PBXGroup;
			children = (
				84707E9423EA80260097AC10 /* HomeViewController */,
			);
			path = ViewControllers;
			sourceTree = "<group>";
		};
		84707E9423EA80260097AC10 /* HomeViewController */ = {
			isa = PBXGroup;
			children = (
				84707E9523EA80320097AC10 /* HomeViewController.swift */,
				84707E9623EA80320097AC10 /* HomeViewController.xib */,
			);
			path = HomeViewController;
			sourceTree = "<group>";
		};
/* End PBXGroup section */

/* Begin PBXNativeTarget section */
		84011FC923E92E10009D3F81 /* Sonar-Test */ = {
			isa = PBXNativeTarget;
			buildConfigurationList = 84011FDC23E92E14009D3F81 /* Build configuration list for PBXNativeTarget "Sonar-Test" */;
			buildPhases = (
				84011FC623E92E10009D3F81 /* Sources */,
				84011FC723E92E10009D3F81 /* Frameworks */,
				84011FC823E92E10009D3F81 /* Resources */,
			);
			buildRules = (
			);
			dependencies = (
			);
			name = "Sonar-Test";
			productName = "Sonar-Test";
			productReference = 84011FCA23E92E10009D3F81 /* Sonar-Test.app */;
			productType = "com.apple.product-type.application";
		};
/* End PBXNativeTarget section */

/* Begin PBXProject section */
		84011FC223E92E10009D3F81 /* Project object */ = {
			isa = PBXProject;
			attributes = {
				LastSwiftUpdateCheck = 1020;
				LastUpgradeCheck = 1020;
				ORGANIZATIONNAME = NPM;
				TargetAttributes = {
					84011FC923E92E10009D3F81 = {
						CreatedOnToolsVersion = 10.2.1;
					};
				};
			};
			buildConfigurationList = 84011FC523E92E10009D3F81 /* Build configuration list for PBXProject "Sonar-Test" */;
			compatibilityVersion = "Xcode 9.3";
			developmentRegion = en;
			hasScannedForEncodings = 0;
			knownRegions = (
				en,
				Base,
			);
			mainGroup = 84011FC123E92E10009D3F81;
			productRefGroup = 84011FCB23E92E10009D3F81 /* Products */;
			projectDirPath = "";
			projectRoot = "";
			targets = (
				84011FC923E92E10009D3F81 /* Sonar-Test */,
			);
		};
/* End PBXProject section */

/* Begin PBXResourcesBuildPhase section */
		84011FC823E92E10009D3F81 /* Resources */ = {
			isa = PBXResourcesBuildPhase;
			buildActionMask = 2147483647;
			files = (
				84011FD823E92E14009D3F81 /* LaunchScreen.storyboard in Resources */,
				84011FD523E92E14009D3F81 /* Assets.xcassets in Resources */,
				84011FD323E92E10009D3F81 /* Main.storyboard in Resources */,
				84707E9823EA80320097AC10 /* HomeViewController.xib in Resources */,
			);
			runOnlyForDeploymentPostprocessing = 0;
		};
/* End PBXResourcesBuildPhase section */

/* Begin PBXSourcesBuildPhase section */
		84011FC623E92E10009D3F81 /* Sources */ = {
			isa = PBXSourcesBuildPhase;
			buildActionMask = 2147483647;
			files = (
				84011FD023E92E10009D3F81 /* ViewController.swift in Sources */,
				84011FCE23E92E10009D3F81 /* AppDelegate.swift in Sources */,
				84707E9723EA80320097AC10 /* HomeViewController.swift in Sources */,
			);
			runOnlyForDeploymentPostprocessing = 0;
		};
/* End PBXSourcesBuildPhase section */

/* Begin PBXVariantGroup section */
		84011FD123E92E10009D3F81 /* Main.storyboard */ = {
			isa = PBXVariantGroup;
			children = (
				84011FD223E92E10009D3F81 /* Base */,
			);
			name = Main.storyboard;
			sourceTree = "<group>";
		};
		84011FD623E92E14009D3F81 /* LaunchScreen.storyboard */ = {
			isa = PBXVariantGroup;
			children = (
				84011FD723E92E14009D3F81 /* Base */,
			);
			name = LaunchScreen.storyboard;
			sourceTree = "<group>";
		};
/* End PBXVariantGroup section */

/* Begin XCBuildConfiguration section */
		84011FDA23E92E14009D3F81 /* Debug */ = {
			isa = XCBuildConfiguration;
			buildSettings = {
				ALWAYS_SEARCH_USER_PATHS = NO;
				CLANG_ANALYZER_NONNULL = YES;
				CLANG_ANALYZER_NUMBER_OBJECT_CONVERSION = YES_AGGRESSIVE;
				CLANG_CXX_LANGUAGE_STANDARD = "gnu++14";
				CLANG_CXX_LIBRARY = "libc++";
				CLANG_ENABLE_MODULES = YES;
				CLANG_ENABLE_OBJC_ARC = YES;
				CLANG_ENABLE_OBJC_WEAK = YES;
				CLANG_WARN_BLOCK_CAPTURE_AUTORELEASING = YES;
				CLANG_WARN_BOOL_CONVERSION = YES;
				CLANG_WARN_COMMA = YES;
				CLANG_WARN_CONSTANT_CONVERSION = YES;
				CLANG_WARN_DEPRECATED_OBJC_IMPLEMENTATIONS = YES;
				CLANG_WARN_DIRECT_OBJC_ISA_USAGE = YES_ERROR;
				CLANG_WARN_DOCUMENTATION_COMMENTS = YES;
				CLANG_WARN_EMPTY_BODY = YES;
				CLANG_WARN_ENUM_CONVERSION = YES;
				CLANG_WARN_INFINITE_RECURSION = YES;
				CLANG_WARN_INT_CONVERSION = YES;
				CLANG_WARN_NON_LITERAL_NULL_CONVERSION = YES;
				CLANG_WARN_OBJC_IMPLICIT_RETAIN_SELF = YES;
				CLANG_WARN_OBJC_LITERAL_CONVERSION = YES;
				CLANG_WARN_OBJC_ROOT_CLASS = YES_ERROR;
				CLANG_WARN_RANGE_LOOP_ANALYSIS = YES;
				CLANG_WARN_STRICT_PROTOTYPES = YES;
				CLANG_WARN_SUSPICIOUS_MOVE = YES;
				CLANG_WARN_UNGUARDED_AVAILABILITY = YES_AGGRESSIVE;
				CLANG_WARN_UNREACHABLE_CODE = YES;
				CLANG_WARN__DUPLICATE_METHOD_MATCH = YES;
				CODE_SIGN_IDENTITY = "iPhone Developer";
				COPY_PHASE_STRIP = NO;
				DEBUG_INFORMATION_FORMAT = dwarf;
				ENABLE_STRICT_OBJC_MSGSEND = YES;
				ENABLE_TESTABILITY = YES;
				GCC_C_LANGUAGE_STANDARD = gnu11;
				GCC_DYNAMIC_NO_PIC = NO;
				GCC_NO_COMMON_BLOCKS = YES;
				GCC_OPTIMIZATION_LEVEL = 0;
				GCC_PREPROCESSOR_DEFINITIONS = (
					"DEBUG=1",
					"$(inherited)",
				);
				GCC_WARN_64_TO_32_BIT_CONVERSION = YES;
				GCC_WARN_ABOUT_RETURN_TYPE = YES_ERROR;
				GCC_WARN_UNDECLARED_SELECTOR = YES;
				GCC_WARN_UNINITIALIZED_AUTOS = YES_AGGRESSIVE;
				GCC_WARN_UNUSED_FUNCTION = YES;
				GCC_WARN_UNUSED_VARIABLE = YES;
				IPHONEOS_DEPLOYMENT_TARGET = 12.2;
				MTL_ENABLE_DEBUG_INFO = INCLUDE_SOURCE;
				MTL_FAST_MATH = YES;
				ONLY_ACTIVE_ARCH = YES;
				SDKROOT = iphoneos;
				SWIFT_ACTIVE_COMPILATION_CONDITIONS = DEBUG;
				SWIFT_OPTIMIZATION_LEVEL = "-Onone";
			};
			name = Debug;
		};
		84011FDB23E92E14009D3F81 /* Release */ = {
			isa = XCBuildConfiguration;
			buildSettings = {
				ALWAYS_SEARCH_USER_PATHS = NO;
				CLANG_ANALYZER_NONNULL = YES;
				CLANG_ANALYZER_NUMBER_OBJECT_CONVERSION = YES_AGGRESSIVE;
				CLANG_CXX_LANGUAGE_STANDARD = "gnu++14";
				CLANG_CXX_LIBRARY = "libc++";
				CLANG_ENABLE_MODULES = YES;
				CLANG_ENABLE_OBJC_ARC = YES;
				CLANG_ENABLE_OBJC_WEAK = YES;
				CLANG_WARN_BLOCK_CAPTURE_AUTORELEASING = YES;
				CLANG_WARN_BOOL_CONVERSION = YES;
				CLANG_WARN_COMMA = YES;
				CLANG_WARN_CONSTANT_CONVERSION = YES;
				CLANG_WARN_DEPRECATED_OBJC_IMPLEMENTATIONS = YES;
				CLANG_WARN_DIRECT_OBJC_ISA_USAGE = YES_ERROR;
				CLANG_WARN_DOCUMENTATION_COMMENTS = YES;
				CLANG_WARN_EMPTY_BODY = YES;
				CLANG_WARN_ENUM_CONVERSION = YES;
				CLANG_WARN_INFINITE_RECURSION = YES;
				CLANG_WARN_INT_CONVERSION = YES;
				CLANG_WARN_NON_LITERAL_NULL_CONVERSION = YES;
				CLANG_WARN_OBJC_IMPLICIT_RETAIN_SELF = YES;
				CLANG_WARN_OBJC_LITERAL_CONVERSION = YES;
				CLANG_WARN_OBJC_ROOT_CLASS = YES_ERROR;
				CLANG_WARN_RANGE_LOOP_ANALYSIS = YES;
				CLANG_WARN_STRICT_PROTOTYPES = YES;
				CLANG_WARN_SUSPICIOUS_MOVE = YES;
				CLANG_WARN_UNGUARDED_AVAILABILITY = YES_AGGRESSIVE;
				CLANG_WARN_UNREACHABLE_CODE = YES;
				CLANG_WARN__DUPLICATE_METHOD_MATCH = YES;
				CODE_SIGN_IDENTITY = "iPhone Developer";
				COPY_PHASE_STRIP = NO;
				DEBUG_INFORMATION_FORMAT = "dwarf-with-dsym";
				ENABLE_NS_ASSERTIONS = NO;
				ENABLE_STRICT_OBJC_MSGSEND = YES;
				GCC_C_LANGUAGE_STANDARD = gnu11;
				GCC_NO_COMMON_BLOCKS = YES;
				GCC_WARN_64_TO_32_BIT_CONVERSION = YES;
				GCC_WARN_ABOUT_RETURN_TYPE = YES_ERROR;
				GCC_WARN_UNDECLARED_SELECTOR = YES;
				GCC_WARN_UNINITIALIZED_AUTOS = YES_AGGRESSIVE;
				GCC_WARN_UNUSED_FUNCTION = YES;
				GCC_WARN_UNUSED_VARIABLE = YES;
				IPHONEOS_DEPLOYMENT_TARGET = 12.2;
				MTL_ENABLE_DEBUG_INFO = NO;
				MTL_FAST_MATH = YES;
				SDKROOT = iphoneos;
				SWIFT_COMPILATION_MODE = wholemodule;
				SWIFT_OPTIMIZATION_LEVEL = "-O";
				VALIDATE_PRODUCT = YES;
			};
			name = Release;
		};
		84011FDD23E92E14009D3F81 /* Debug */ = {
			isa = XCBuildConfiguration;
			buildSettings = {
				ASSETCATALOG_COMPILER_APPICON_NAME = AppIcon;
				CODE_SIGN_STYLE = Automatic;
				INFOPLIST_FILE = "Sonar-Test/Info.plist";
				IPHONEOS_DEPLOYMENT_TARGET = 11.1;
				LD_RUNPATH_SEARCH_PATHS = (
					"$(inherited)",
					"@executable_path/Frameworks",
				);
				PRODUCT_BUNDLE_IDENTIFIER = "NPM.Sonar-Test";
				PRODUCT_NAME = "$(TARGET_NAME)";
				SWIFT_VERSION = 5.0;
				TARGETED_DEVICE_FAMILY = "1,2";
			};
			name = Debug;
		};
		84011FDE23E92E14009D3F81 /* Release */ = {
			isa = XCBuildConfiguration;
			buildSettings = {
				ASSETCATALOG_COMPILER_APPICON_NAME = AppIcon;
				CODE_SIGN_STYLE = Automatic;
				INFOPLIST_FILE = "Sonar-Test/Info.plist";
				IPHONEOS_DEPLOYMENT_TARGET = 11.1;
				LD_RUNPATH_SEARCH_PATHS = (
					"$(inherited)",
					"@executable_path/Frameworks",
				);
				PRODUCT_BUNDLE_IDENTIFIER = "NPM.Sonar-Test";
				PRODUCT_NAME = "$(TARGET_NAME)";
				SWIFT_VERSION = 5.0;
				TARGETED_DEVICE_FAMILY = "1,2";
			};
			name = Release;
		};
/* End XCBuildConfiguration section */

/* Begin XCConfigurationList section */
		84011FC523E92E10009D3F81 /* Build configuration list for PBXProject "Sonar-Test" */ = {
			isa = XCConfigurationList;
			buildConfigurations = (
				84011FDA23E92E14009D3F81 /* Debug */,
				84011FDB23E92E14009D3F81 /* Release */,
			);
			defaultConfigurationIsVisible = 0;
			defaultConfigurationName = Release;
		};
		84011FDC23E92E14009D3F81 /* Build configuration list for PBXNativeTarget "Sonar-Test" */ = {
			isa = XCConfigurationList;
			buildConfigurations = (
				84011FDD23E92E14009D3F81 /* Debug */,
				84011FDE23E92E14009D3F81 /* Release */,
			);
			defaultConfigurationIsVisible = 0;
			defaultConfigurationName = Release;
		};
/* End XCConfigurationList section */
	};
	rootObject = 84011FC223E92E10009D3F81 /* Project object */;
}
